
Microsoft Visual Studio Solution File, Format Version 12.00
# Visual Studio 15
Project("{FAE04EC0-301F-11D3-BF4B-00C04F79EFBC}") = "TrickingLibrary.Api", "TrickingLibrary.Api\TrickingLibrary.Api.csproj", "{30790DD1-3C18-4A92-8B16-E34200A195DC}"
EndProject
Global
	GlobalSection(SolutionConfigurationPlatforms) = preSolution
		Debug|Any CPU = Debug|Any CPU
		Release|Any CPU = Release|Any CPU
	EndGlobalSection
	GlobalSection(ProjectConfigurationPlatforms) = postSolution
		{30790DD1-3C18-4A92-8B16-E34200A195DC}.Debug|Any CPU.ActiveCfg = Debug|Any CPU
		{30790DD1-3C18-4A92-8B16-E34200A195DC}.Debug|Any CPU.Build.0 = Debug|Any CPU
		{30790DD1-3C18-4A92-8B16-E34200A195DC}.Release|Any CPU.ActiveCfg = Release|Any CPU
		{30790DD1-3C18-4A92-8B16-E34200A195DC}.Release|Any CPU.Build.0 = Release|Any CPU
	EndGlobalSection
EndGlobal
